{
    "requires": true,
    "lockfileVersion": 1,
    "dependencies": {
        "kinvey-nativescript-sdk": {
            "version": "3.11.7",
            "resolved": "https://registry.npmjs.org/kinvey-nativescript-sdk/-/kinvey-nativescript-sdk-3.11.7.tgz",
            "integrity": "sha512-mCf8bhNfAPE0pOmGOD4U0j9/KocG5QygQldkM2gn0aCvR7XsYskjlJm7ZmMotScY5zx/CPKCOIgJZ+vOA8hteg==",
            "requires": {
                "nativescript-sqlite": "^2.2.3",
                "rxjs": "~6.2.2"
            }
        },
        "nativescript-accelerometer": {
            "version": "2.0.1",
            "resolved": "https://registry.npmjs.org/nativescript-accelerometer/-/nativescript-accelerometer-2.0.1.tgz",
            "integrity": "sha1-7u7rDi5UfcMbcrpZa2iHw6RsJ2E="
        },
        "nativescript-background-http": {
            "version": "3.3.0",
            "resolved": "https://registry.npmjs.org/nativescript-background-http/-/nativescript-background-http-3.3.0.tgz",
            "integrity": "sha512-+eE3EvY13emCCEUbWcuwTl+h9K0jznZBYOuD4zQjQwJKtA0heIslcpxwF/RqqsHBaMBjUBfmee0yeAl9aSmd3w=="
        },
        "nativescript-camera": {
            "version": "4.0.2",
            "resolved": "https://registry.npmjs.org/nativescript-camera/-/nativescript-camera-4.0.2.tgz",
            "integrity": "sha512-ZRRAQHvP2rzQTMXtBg1O3utTUaKvwcC0zcgU64zYvcHP4dkZ8f5x/KulDPrZ5ITsMDH4BJTak3uYU7jnvKk3vA==",
            "requires": {
                "nativescript-permissions": "^1.2.3"
            }
        },
        "nativescript-fresco": {
            "version": "5.0.0",
            "resolved": "https://registry.npmjs.org/nativescript-fresco/-/nativescript-fresco-5.0.0.tgz",
            "integrity": "sha512-bGWxwIIPF7m1xPkfVc1lAIDnIQILkISw2aE30ewgwjDls/C/f4FRcAzyZu7kAVG2Aebd/l2ZolakHetsI+BTow=="
        },
        "nativescript-geolocation": {
            "version": "4.3.0",
            "resolved": "https://registry.npmjs.org/nativescript-geolocation/-/nativescript-geolocation-4.3.0.tgz",
            "integrity": "sha512-dzsJx+zdPytZX0eet9nqL54WvflpSkC9vDnSFDt85DqmgOImfn0RQEL1UasrczB3hjB8VsYjGMBR3hTxypmdLQ==",
            "requires": {
                "nativescript-permissions": "~1.2.3"
            }
        },
        "nativescript-imagepicker": {
            "version": "6.0.4",
            "resolved": "https://registry.npmjs.org/nativescript-imagepicker/-/nativescript-imagepicker-6.0.4.tgz",
            "integrity": "sha512-O44c/FZSxeIGLsl/gqFCplDvPB1NTQW48SuNVHn1AL6pI2TVXHaCgqVR1Ik0H3bJnn38WPLUWp++sweaoCKQtg==",
            "requires": {
                "nativescript-permissions": "~1.2.3"
            }
        },
        "nativescript-intl": {
            "version": "3.0.0",
            "resolved": "https://registry.npmjs.org/nativescript-intl/-/nativescript-intl-3.0.0.tgz",
            "integrity": "sha1-gu6b59N3Fys8QpVzRyMDdijhhqc="
        },
        "nativescript-iqkeyboardmanager": {
            "version": "1.3.0",
            "resolved": "https://registry.npmjs.org/nativescript-iqkeyboardmanager/-/nativescript-iqkeyboardmanager-1.3.0.tgz",
            "integrity": "sha1-pRI14noXDVhb3RoQDQJPj87eE6I="
        },
        "nativescript-permissions": {
            "version": "1.2.3",
            "resolved": "https://registry.npmjs.org/nativescript-permissions/-/nativescript-permissions-1.2.3.tgz",
            "integrity": "sha1-4+ZVRfmP5IjdVXj3/5DrrjCI5wA="
        },
        "nativescript-social-share": {
            "version": "1.5.1",
            "resolved": "https://registry.npmjs.org/nativescript-social-share/-/nativescript-social-share-1.5.1.tgz",
            "integrity": "sha512-G/aoahMwKt+eOKivUuZFfb271Z7zYonQpc60XzXD+G1TE35SE/GQ/eYzuVBnkvSJHYz8XaA/UarzX0HstWoYgA=="
        },
        "nativescript-sqlite": {
            "version": "2.2.3",
            "resolved": "https://registry.npmjs.org/nativescript-sqlite/-/nativescript-sqlite-2.2.3.tgz",
            "integrity": "sha512-BSB7ao0Vqq4lO0im22CoAimBE4EB1znrygMDag/LgfAbOFRMJKHQZnkFL6/Gf2vgjsQ2/Z/v0KgNOHVvIonxpA=="
        },
        "nativescript-theme-core": {
            "version": "1.0.4",
            "resolved": "https://registry.npmjs.org/nativescript-theme-core/-/nativescript-theme-core-1.0.4.tgz",
            "integrity": "sha1-zyiAx/vy/l9D4iNdMJdQeQgD7+E="
        },
        "nativescript-ui-autocomplete": {
            "version": "3.9.0",
            "resolved": "https://registry.npmjs.org/nativescript-ui-autocomplete/-/nativescript-ui-autocomplete-3.9.0.tgz",
            "integrity": "sha512-Ee+Qd/vQcShOKSLxnpzVB6oC0ItMvZmNc/1W5Bh8CQYlgLXcpF2kgFfv6nRgVSCnJuGQBenOs31So+YmKP5irg==",
            "requires": {
                "nativescript-ui-core": "~2.0.0"
            }
        },
        "nativescript-ui-calendar": {
            "version": "3.8.1",
            "resolved": "https://registry.npmjs.org/nativescript-ui-calendar/-/nativescript-ui-calendar-3.8.1.tgz",
            "integrity": "sha512-rD8TeRWmGHVLl9pupYZjOtzt9pCb2VM/6/tYQuPmc1jkLwnTz31NeR1VErwdujqJWBbUl0QCPCX9T6YTY+2IpQ==",
            "requires": {
                "nativescript-ui-core": "~2.0.0"
            }
        },
        "nativescript-ui-chart": {
            "version": "3.9.0",
            "resolved": "https://registry.npmjs.org/nativescript-ui-chart/-/nativescript-ui-chart-3.9.0.tgz",
            "integrity": "sha512-pla4GpucCX/jz1zgXlii/oo7GM63IWCpWxPmrtFLn8ZzWB6Wvigu2Yb15v+6rhHqw7uTV2CsIthDUk4xIlLWkA==",
            "requires": {
                "nativescript-ui-core": "~2.0.0"
            }
        },
        "nativescript-ui-core": {
            "version": "2.0.0",
            "resolved": "https://registry.npmjs.org/nativescript-ui-core/-/nativescript-ui-core-2.0.0.tgz",
            "integrity": "sha512-Xj0S2aAlLUwWjkcQpapOWfMfTtR7B4B+pB+mTeZm7+9lFleTis8t1sUeCF9OWy4G6Rg964V9UlYafPL5wOfFqw=="
        },
        "nativescript-ui-dataform": {
            "version": "3.7.3",
            "resolved": "https://registry.npmjs.org/nativescript-ui-dataform/-/nativescript-ui-dataform-3.7.3.tgz",
            "integrity": "sha512-8NuJVZY1MwvPM0uR1ehTL4aAGdmgW10UsV+xN/hPd46IFwR0FlBCK6hHgz+R/HNkBoFMDlzHWWkBeDNdwOdivA==",
            "requires": {
                "nativescript-ui-autocomplete": "~3.9.0",
                "nativescript-ui-core": "~2.0.0"
            }
        },
        "nativescript-ui-gauge": {
            "version": "3.7.1",
            "resolved": "https://registry.npmjs.org/nativescript-ui-gauge/-/nativescript-ui-gauge-3.7.1.tgz",
            "integrity": "sha512-H4J/iqSq6XpEEUibIZJcFVN5TAOL3t0bHVV4LQUnumHsFJDuegJOGyp+eV+i5JaFdJa5QkHd/Y6S/dwtg+wfrA==",
            "requires": {
                "nativescript-ui-core": "~2.0.0"
            }
        },
        "nativescript-ui-listview": {
            "version": "3.7.0",
            "resolved": "https://registry.npmjs.org/nativescript-ui-listview/-/nativescript-ui-listview-3.7.0.tgz",
            "integrity": "sha512-J01b1IUJ2d3FYRcxP5GO3VjqsmTKRXZ8kL0Wt6DesBlCHXqZoUm3tAtAB/yYCr80sNrwtfhjjbmMWHTJqqP9yw==",
            "requires": {
                "nativescript-ui-core": "~2.0.0"
            }
        },
        "nativescript-ui-sidedrawer": {
            "version": "4.3.0",
            "resolved": "https://registry.npmjs.org/nativescript-ui-sidedrawer/-/nativescript-ui-sidedrawer-4.3.0.tgz",
            "integrity": "sha512-BuIiXw/TQtuD+t1HIfGwctYC5b+KxUwzsd56JY5uY1TeTLFFNlSaE2SUHcuO9X5IgJKd8leu9t4LoSdfgqM+ew==",
            "requires": {
                "nativescript-ui-core": "~2.0.0"
            }
        },
        "rxjs": {
            "version": "6.2.2",
            "resolved": "https://registry.npmjs.org/rxjs/-/rxjs-6.2.2.tgz",
            "integrity": "sha512-0MI8+mkKAXZUF9vMrEoPnaoHkfzBPP4IGwUYRJhIRJF6/w3uByO1e91bEHn8zd43RdkTMKiooYKmwz7RH6zfOQ==",
            "requires": {
                "tslib": "^1.9.0"
            }
        },
        "tns-core-modules": {
            "version": "4.2.1",
            "resolved": "https://registry.npmjs.org/tns-core-modules/-/tns-core-modules-4.2.1.tgz",
            "integrity": "sha512-UH38lmVrdEJatc8l2q0p7WxWRhv6dXvkwY67cenSRl0FC4z7W/dih3fSlKp4yM9Uo0vu2RFsKRa9+UHyZR1YQA==",
            "requires": {
                "tns-core-modules-widgets": "4.2.1"
            }
        },
        "tns-core-modules-widgets": {
            "version": "4.2.1",
            "resolved": "https://registry.npmjs.org/tns-core-modules-widgets/-/tns-core-modules-widgets-4.2.1.tgz",
            "integrity": "sha512-ncy7D1oxuuX78sZL+MImxEZBYOUnxma7ZIkAsGRdyPjb7a/A/MoaIXmDLK+Ib2xw4Ul2qlCD1nvF56Q1Dy1m4Q=="
        },
        "tslib": {
            "version": "1.9.3",
            "resolved": "https://registry.npmjs.org/tslib/-/tslib-1.9.3.tgz",
            "integrity": "sha512-4krF8scpejhaOgqzBEcGM7yDIEfi0/8+8zDRZhNZZ2kjmHJ4hv3zCbQWxoJGz1iw5U0Jl0nma13xzHXcncMavQ=="
        }
    }
}
